// !$*UTF8*$!
{
	archiveVersion = 1;
	classes = {
	};
	objectVersion = 46;
	objects = {

/* Begin PBXBuildFile section */
		AC25B6F81F66AF5A0000E6F6 /* AppDelegate.swift in Sources */ = {isa = PBXBuildFile; fileRef = AC25B6F71F66AF5A0000E6F6 /* AppDelegate.swift */; };
		AC25B6FD1F66AF5A0000E6F6 /* Main.storyboard in Resources */ = {isa = PBXBuildFile; fileRef = AC25B6FB1F66AF5A0000E6F6 /* Main.storyboard */; };
		AC25B6FF1F66AF5A0000E6F6 /* Assets.xcassets in Resources */ = {isa = PBXBuildFile; fileRef = AC25B6FE1F66AF5A0000E6F6 /* Assets.xcassets */; };
		AC25B7021F66AF5A0000E6F6 /* LaunchScreen.storyboard in Resources */ = {isa = PBXBuildFile; fileRef = AC25B7001F66AF5A0000E6F6 /* LaunchScreen.storyboard */; };
		AC28CAE51F6AD3DB00ACAE92 /* PageViewControllerPrincipal.swift in Sources */ = {isa = PBXBuildFile; fileRef = AC28CAE41F6AD3DB00ACAE92 /* PageViewControllerPrincipal.swift */; };
		AC28CAE71F6BB35F00ACAE92 /* ContainerViewController.swift in Sources */ = {isa = PBXBuildFile; fileRef = AC28CAE61F6BB35F00ACAE92 /* ContainerViewController.swift */; };
		AC36A5D11F6FB390008B9A0B /* FirstPageViewController.swift in Sources */ = {isa = PBXBuildFile; fileRef = AC36A5D01F6FB390008B9A0B /* FirstPageViewController.swift */; };
		AC8C99001F74F734002C45FE /* RealmSwift.framework in Frameworks */ = {isa = PBXBuildFile; fileRef = AC8C98FE1F74F732002C45FE /* RealmSwift.framework */; };
		AC8C99011F74F734002C45FE /* RealmSwift.framework in Embed Frameworks */ = {isa = PBXBuildFile; fileRef = AC8C98FE1F74F732002C45FE /* RealmSwift.framework */; settings = {ATTRIBUTES = (CodeSignOnCopy, RemoveHeadersOnCopy, ); }; };
		AC8C99021F74F734002C45FE /* Realm.framework in Frameworks */ = {isa = PBXBuildFile; fileRef = AC8C98FF1F74F734002C45FE /* Realm.framework */; };
		AC8C99031F74F734002C45FE /* Realm.framework in Embed Frameworks */ = {isa = PBXBuildFile; fileRef = AC8C98FF1F74F734002C45FE /* Realm.framework */; settings = {ATTRIBUTES = (CodeSignOnCopy, RemoveHeadersOnCopy, ); }; };
/* End PBXBuildFile section */

/* Begin PBXCopyFilesBuildPhase section */
		AC8C98FD1F74F64C002C45FE /* Embed Frameworks */ = {
			isa = PBXCopyFilesBuildPhase;
			buildActionMask = 2147483647;
			dstPath = "";
			dstSubfolderSpec = 10;
			files = (
				AC8C99031F74F734002C45FE /* Realm.framework in Embed Frameworks */,
				AC8C99011F74F734002C45FE /* RealmSwift.framework in Embed Frameworks */,
			);
			name = "Embed Frameworks";
			runOnlyForDeploymentPostprocessing = 0;
		};
/* End PBXCopyFilesBuildPhase section */

/* Begin PBXFileReference section */
		AC25B6F41F66AF5A0000E6F6 /* reylab.app */ = {isa = PBXFileReference; explicitFileType = wrapper.application; includeInIndex = 0; path = reylab.app; sourceTree = BUILT_PRODUCTS_DIR; };
		AC25B6F71F66AF5A0000E6F6 /* AppDelegate.swift */ = {isa = PBXFileReference; lastKnownFileType = sourcecode.swift; path = AppDelegate.swift; sourceTree = "<group>"; };
		AC25B6FC1F66AF5A0000E6F6 /* Base */ = {isa = PBXFileReference; lastKnownFileType = file.storyboard; name = Base; path = Base.lproj/Main.storyboard; sourceTree = "<group>"; };
		AC25B6FE1F66AF5A0000E6F6 /* Assets.xcassets */ = {isa = PBXFileReference; lastKnownFileType = folder.assetcatalog; path = Assets.xcassets; sourceTree = "<group>"; };
		AC25B7011F66AF5A0000E6F6 /* Base */ = {isa = PBXFileReference; lastKnownFileType = file.storyboard; name = Base; path = Base.lproj/LaunchScreen.storyboard; sourceTree = "<group>"; };
		AC25B7031F66AF5A0000E6F6 /* Info.plist */ = {isa = PBXFileReference; lastKnownFileType = text.plist.xml; path = Info.plist; sourceTree = "<group>"; };
		AC28CAE41F6AD3DB00ACAE92 /* PageViewControllerPrincipal.swift */ = {isa = PBXFileReference; fileEncoding = 4; lastKnownFileType = sourcecode.swift; path = PageViewControllerPrincipal.swift; sourceTree = "<group>"; };
		AC28CAE61F6BB35F00ACAE92 /* ContainerViewController.swift */ = {isa = PBXFileReference; fileEncoding = 4; lastKnownFileType = sourcecode.swift; path = ContainerViewController.swift; sourceTree = "<group>"; };
		AC36A5D01F6FB390008B9A0B /* FirstPageViewController.swift */ = {isa = PBXFileReference; fileEncoding = 4; lastKnownFileType = sourcecode.swift; name = FirstPageViewController.swift; path = ../FirstPageViewController.swift; sourceTree = "<group>"; };
		AC8C98FE1F74F732002C45FE /* RealmSwift.framework */ = {isa = PBXFileReference; lastKnownFileType = wrapper.framework; path = RealmSwift.framework; sourceTree = "<group>"; };
		AC8C98FF1F74F734002C45FE /* Realm.framework */ = {isa = PBXFileReference; lastKnownFileType = wrapper.framework; path = Realm.framework; sourceTree = "<group>"; };
/* End PBXFileReference section */

/* Begin PBXFrameworksBuildPhase section */
		AC25B6F11F66AF5A0000E6F6 /* Frameworks */ = {
			isa = PBXFrameworksBuildPhase;
			buildActionMask = 2147483647;
			files = (
				AC8C99021F74F734002C45FE /* Realm.framework in Frameworks */,
				AC8C99001F74F734002C45FE /* RealmSwift.framework in Frameworks */,
			);
			runOnlyForDeploymentPostprocessing = 0;
		};
/* End PBXFrameworksBuildPhase section */

/* Begin PBXGroup section */
		AC25B6EB1F66AF5A0000E6F6 = {
			isa = PBXGroup;
			children = (
				AC8C98FF1F74F734002C45FE /* Realm.framework */,
				AC8C98FE1F74F732002C45FE /* RealmSwift.framework */,
				AC25B6F61F66AF5A0000E6F6 /* reylab */,
				AC25B6F51F66AF5A0000E6F6 /* Products */,
			);
			sourceTree = "<group>";
		};
		AC25B6F51F66AF5A0000E6F6 /* Products */ = {
			isa = PBXGroup;
			children = (
				AC25B6F41F66AF5A0000E6F6 /* reylab.app */,
			);
			name = Products;
			sourceTree = "<group>";
		};
		AC25B6F61F66AF5A0000E6F6 /* reylab */ = {
			isa = PBXGroup;
			children = (
				AC25B70C1F66AF8B0000E6F6 /* modele */,
				AC25B70B1F66AF820000E6F6 /* views */,
				AC25B7091F66AF690000E6F6 /* Controller */,
				AC25B70A1F66AF7A0000E6F6 /* other files */,
			);
			path = reylab;
			sourceTree = "<group>";
		};
		AC25B7091F66AF690000E6F6 /* Controller */ = {
			isa = PBXGroup;
			children = (
				AC25B6FB1F66AF5A0000E6F6 /* Main.storyboard */,
				AC28CAE41F6AD3DB00ACAE92 /* PageViewControllerPrincipal.swift */,
				AC28CAE61F6BB35F00ACAE92 /* ContainerViewController.swift */,
			);
			name = Controller;
			sourceTree = "<group>";
		};
		AC25B70A1F66AF7A0000E6F6 /* other files */ = {
			isa = PBXGroup;
			children = (
				AC25B6F71F66AF5A0000E6F6 /* AppDelegate.swift */,
				AC25B6FE1F66AF5A0000E6F6 /* Assets.xcassets */,
				AC25B7031F66AF5A0000E6F6 /* Info.plist */,
			);
			name = "other files";
			sourceTree = "<group>";
		};
		AC25B70B1F66AF820000E6F6 /* views */ = {
			isa = PBXGroup;
			children = (
				AC36A5D01F6FB390008B9A0B /* FirstPageViewController.swift */,
				AC25B7001F66AF5A0000E6F6 /* LaunchScreen.storyboard */,
			);
			name = views;
			sourceTree = "<group>";
		};
		AC25B70C1F66AF8B0000E6F6 /* modele */ = {
			isa = PBXGroup;
			children = (
				ACD2079D1F67E60400986046 /* Entities */,
			);
			name = modele;
			sourceTree = "<group>";
		};
		ACD2079D1F67E60400986046 /* Entities */ = {
			isa = PBXGroup;
			children = (
			);
			name = Entities;
			sourceTree = "<group>";
		};
/* End PBXGroup section */

/* Begin PBXNativeTarget section */
		AC25B6F31F66AF5A0000E6F6 /* reylab */ = {
			isa = PBXNativeTarget;
			buildConfigurationList = AC25B7061F66AF5B0000E6F6 /* Build configuration list for PBXNativeTarget "reylab" */;
			buildPhases = (
				AC25B6F01F66AF5A0000E6F6 /* Sources */,
				AC25B6F11F66AF5A0000E6F6 /* Frameworks */,
				AC25B6F21F66AF5A0000E6F6 /* Resources */,
				ACD207951F67E0F900986046 /* ShellScript */,
				AC8C98FD1F74F64C002C45FE /* Embed Frameworks */,
			);
			buildRules = (
			);
			dependencies = (
			);
			name = reylab;
			productName = reylab;
			productReference = AC25B6F41F66AF5A0000E6F6 /* reylab.app */;
			productType = "com.apple.product-type.application";
		};
/* End PBXNativeTarget section */

/* Begin PBXProject section */
		AC25B6EC1F66AF5A0000E6F6 /* Project object */ = {
			isa = PBXProject;
			attributes = {
				LastSwiftUpdateCheck = 0830;
				LastUpgradeCheck = 0900;
				ORGANIZATIONNAME = "Yannick Dupire";
				TargetAttributes = {
					AC25B6F31F66AF5A0000E6F6 = {
						CreatedOnToolsVersion = 8.3.3;
						LastSwiftMigration = 0900;
						ProvisioningStyle = Manual;
					};
				};
			};
			buildConfigurationList = AC25B6EF1F66AF5A0000E6F6 /* Build configuration list for PBXProject "reylab" */;
			compatibilityVersion = "Xcode 3.2";
			developmentRegion = English;
			hasScannedForEncodings = 0;
			knownRegions = (
				en,
				Base,
			);
			mainGroup = AC25B6EB1F66AF5A0000E6F6;
			productRefGroup = AC25B6F51F66AF5A0000E6F6 /* Products */;
			projectDirPath = "";
			projectRoot = "";
			targets = (
				AC25B6F31F66AF5A0000E6F6 /* reylab */,
			);
		};
/* End PBXProject section */

/* Begin PBXResourcesBuildPhase section */
		AC25B6F21F66AF5A0000E6F6 /* Resources */ = {
			isa = PBXResourcesBuildPhase;
			buildActionMask = 2147483647;
			files = (
				AC25B7021F66AF5A0000E6F6 /* LaunchScreen.storyboard in Resources */,
				AC25B6FF1F66AF5A0000E6F6 /* Assets.xcassets in Resources */,
				AC25B6FD1F66AF5A0000E6F6 /* Main.storyboard in Resources */,
			);
			runOnlyForDeploymentPostprocessing = 0;
		};
/* End PBXResourcesBuildPhase section */

/* Begin PBXShellScriptBuildPhase section */
		ACD207951F67E0F900986046 /* ShellScript */ = {
			isa = PBXShellScriptBuildPhase;
			buildActionMask = 8;
			files = (
			);
			inputPaths = (
			);
			outputPaths = (
			);
			runOnlyForDeploymentPostprocessing = 1;
			shellPath = /bin/sh;
			shellScript = "bash \"${BUILT_PRODUCTS_DIR}/${FRAMEWORKS_FOLDER_PATH}/Realm.framework/strip-frameworks.sh\"";
		};
/* End PBXShellScriptBuildPhase section */

/* Begin PBXSourcesBuildPhase section */
		AC25B6F01F66AF5A0000E6F6 /* Sources */ = {
			isa = PBXSourcesBuildPhase;
			buildActionMask = 2147483647;
			files = (
				AC28CAE51F6AD3DB00ACAE92 /* PageViewControllerPrincipal.swift in Sources */,
				AC28CAE71F6BB35F00ACAE92 /* ContainerViewController.swift in Sources */,
				AC36A5D11F6FB390008B9A0B /* FirstPageViewController.swift in Sources */,
				AC25B6F81F66AF5A0000E6F6 /* AppDelegate.swift in Sources */,
			);
			runOnlyForDeploymentPostprocessing = 0;
		};
/* End PBXSourcesBuildPhase section */

/* Begin PBXVariantGroup section */
		AC25B6FB1F66AF5A0000E6F6 /* Main.storyboard */ = {
			isa = PBXVariantGroup;
			children = (
				AC25B6FC1F66AF5A0000E6F6 /* Base */,
			);
			name = Main.storyboard;
			sourceTree = "<group>";
		};
		AC25B7001F66AF5A0000E6F6 /* LaunchScreen.storyboard */ = {
			isa = PBXVariantGroup;
			children = (
				AC25B7011F66AF5A0000E6F6 /* Base */,
			);
			name = LaunchScreen.storyboard;
			sourceTree = "<group>";
		};
/* End PBXVariantGroup section */

/* Begin XCBuildConfiguration section */
		AC25B7041F66AF5A0000E6F6 /* Debug */ = {
			isa = XCBuildConfiguration;
			buildSettings = {
				ALWAYS_SEARCH_USER_PATHS = NO;
				CLANG_ANALYZER_NONNULL = YES;
				CLANG_ANALYZER_NUMBER_OBJECT_CONVERSION = YES_AGGRESSIVE;
				CLANG_CXX_LANGUAGE_STANDARD = "gnu++0x";
				CLANG_CXX_LIBRARY = "libc++";
				CLANG_ENABLE_MODULES = YES;
				CLANG_ENABLE_OBJC_ARC = YES;
				CLANG_WARN_BLOCK_CAPTURE_AUTORELEASING = YES;
				CLANG_WARN_BOOL_CONVERSION = YES;
				CLANG_WARN_COMMA = YES;
				CLANG_WARN_CONSTANT_CONVERSION = YES;
				CLANG_WARN_DIRECT_OBJC_ISA_USAGE = YES_ERROR;
				CLANG_WARN_DOCUMENTATION_COMMENTS = YES;
				CLANG_WARN_EMPTY_BODY = YES;
				CLANG_WARN_ENUM_CONVERSION = YES;
				CLANG_WARN_INFINITE_RECURSION = YES;
				CLANG_WARN_INT_CONVERSION = YES;
				CLANG_WARN_NON_LITERAL_NULL_CONVERSION = YES;
				CLANG_WARN_OBJC_LITERAL_CONVERSION = YES;
				CLANG_WARN_OBJC_ROOT_CLASS = YES_ERROR;
				CLANG_WARN_RANGE_LOOP_ANALYSIS = YES;
				CLANG_WARN_STRICT_PROTOTYPES = YES;
				CLANG_WARN_SUSPICIOUS_MOVE = YES;
				CLANG_WARN_UNREACHABLE_CODE = YES;
				CLANG_WARN__DUPLICATE_METHOD_MATCH = YES;
				"CODE_SIGN_IDENTITY[sdk=iphoneos*]" = "iPhone Developer";
				COPY_PHASE_STRIP = NO;
				DEBUG_INFORMATION_FORMAT = dwarf;
				ENABLE_STRICT_OBJC_MSGSEND = YES;
				ENABLE_TESTABILITY = YES;
				GCC_C_LANGUAGE_STANDARD = gnu99;
				GCC_DYNAMIC_NO_PIC = NO;
				GCC_NO_COMMON_BLOCKS = YES;
				GCC_OPTIMIZATION_LEVEL = 0;
				GCC_PREPROCESSOR_DEFINITIONS = (
					"DEBUG=1",
					"$(inherited)",
				);
				GCC_WARN_64_TO_32_BIT_CONVERSION = YES;
				GCC_WARN_ABOUT_RETURN_TYPE = YES_ERROR;
				GCC_WARN_UNDECLARED_SELECTOR = YES;
				GCC_WARN_UNINITIALIZED_AUTOS = YES_AGGRESSIVE;
				GCC_WARN_UNUSED_FUNCTION = YES;
				GCC_WARN_UNUSED_VARIABLE = YES;
				IPHONEOS_DEPLOYMENT_TARGET = 10.3;
				MTL_ENABLE_DEBUG_INFO = YES;
				ONLY_ACTIVE_ARCH = YES;
				SDKROOT = iphoneos;
				SWIFT_ACTIVE_COMPILATION_CONDITIONS = DEBUG;
				SWIFT_OPTIMIZATION_LEVEL = "-Onone";
				TARGETED_DEVICE_FAMILY = 2;
			};
			name = Debug;
		};
		AC25B7051F66AF5A0000E6F6 /* Release */ = {
			isa = XCBuildConfiguration;
			buildSettings = {
				ALWAYS_SEARCH_USER_PATHS = NO;
				CLANG_ANALYZER_NONNULL = YES;
				CLANG_ANALYZER_NUMBER_OBJECT_CONVERSION = YES_AGGRESSIVE;
				CLANG_CXX_LANGUAGE_STANDARD = "gnu++0x";
				CLANG_CXX_LIBRARY = "libc++";
				CLANG_ENABLE_MODULES = YES;
				CLANG_ENABLE_OBJC_ARC = YES;
				CLANG_WARN_BLOCK_CAPTURE_AUTORELEASING = YES;
				CLANG_WARN_BOOL_CONVERSION = YES;
				CLANG_WARN_COMMA = YES;
				CLANG_WARN_CONSTANT_CONVERSION = YES;
				CLANG_WARN_DIRECT_OBJC_ISA_USAGE = YES_ERROR;
				CLANG_WARN_DOCUMENTATION_COMMENTS = YES;
				CLANG_WARN_EMPTY_BODY = YES;
				CLANG_WARN_ENUM_CONVERSION = YES;
				CLANG_WARN_INFINITE_RECURSION = YES;
				CLANG_WARN_INT_CONVERSION = YES;
				CLANG_WARN_NON_LITERAL_NULL_CONVERSION = YES;
				CLANG_WARN_OBJC_LITERAL_CONVERSION = YES;
				CLANG_WARN_OBJC_ROOT_CLASS = YES_ERROR;
				CLANG_WARN_RANGE_LOOP_ANALYSIS = YES;
				CLANG_WARN_STRICT_PROTOTYPES = YES;
				CLANG_WARN_SUSPICIOUS_MOVE = YES;
				CLANG_WARN_UNREACHABLE_CODE = YES;
				CLANG_WARN__DUPLICATE_METHOD_MATCH = YES;
				"CODE_SIGN_IDENTITY[sdk=iphoneos*]" = "iPhone Developer";
				COPY_PHASE_STRIP = NO;
				DEBUG_INFORMATION_FORMAT = "dwarf-with-dsym";
				ENABLE_NS_ASSERTIONS = NO;
				ENABLE_STRICT_OBJC_MSGSEND = YES;
				GCC_C_LANGUAGE_STANDARD = gnu99;
				GCC_NO_COMMON_BLOCKS = YES;
				GCC_WARN_64_TO_32_BIT_CONVERSION = YES;
				GCC_WARN_ABOUT_RETURN_TYPE = YES_ERROR;
				GCC_WARN_UNDECLARED_SELECTOR = YES;
				GCC_WARN_UNINITIALIZED_AUTOS = YES_AGGRESSIVE;
				GCC_WARN_UNUSED_FUNCTION = YES;
				GCC_WARN_UNUSED_VARIABLE = YES;
				IPHONEOS_DEPLOYMENT_TARGET = 10.3;
				MTL_ENABLE_DEBUG_INFO = NO;
				SDKROOT = iphoneos;
				SWIFT_OPTIMIZATION_LEVEL = "-Owholemodule";
				TARGETED_DEVICE_FAMILY = 2;
				VALIDATE_PRODUCT = YES;
			};
			name = Release;
		};
		AC25B7071F66AF5B0000E6F6 /* Debug */ = {
			isa = XCBuildConfiguration;
			buildSettings = {
				ASSETCATALOG_COMPILER_APPICON_NAME = AppIcon;
				CODE_SIGN_STYLE = Manual;
				DEVELOPMENT_TEAM = "";
				FRAMEWORK_SEARCH_PATHS = (
					"$(inherited)",
					"$(PROJECT_DIR)",
				);
				INFOPLIST_FILE = reylab/Info.plist;
				LD_RUNPATH_SEARCH_PATHS = "$(inherited) @executable_path/Frameworks";
				PRODUCT_BUNDLE_IDENTIFIER = com.dupire.yannick.reylab;
				PRODUCT_NAME = "$(TARGET_NAME)";
				PROVISIONING_PROFILE_SPECIFIER = "";
				SWIFT_SWIFT3_OBJC_INFERENCE = On;
				SWIFT_VERSION = 4.0;
				TARGETED_DEVICE_FAMILY = 2;
			};
			name = Debug;
		};
		AC25B7081F66AF5B0000E6F6 /* Release */ = {
			isa = XCBuildConfiguration;
			buildSettings = {
				ASSETCATALOG_COMPILER_APPICON_NAME = AppIcon;
				CODE_SIGN_STYLE = Manual;
				DEVELOPMENT_TEAM = "";
				FRAMEWORK_SEARCH_PATHS = (
					"$(inherited)",
					"$(PROJECT_DIR)",
				);
				INFOPLIST_FILE = reylab/Info.plist;
				LD_RUNPATH_SEARCH_PATHS = "$(inherited) @executable_path/Frameworks";
				PRODUCT_BUNDLE_IDENTIFIER = com.dupire.yannick.reylab;
				PRODUCT_NAME = "$(TARGET_NAME)";
				PROVISIONING_PROFILE_SPECIFIER = "";
				SWIFT_SWIFT3_OBJC_INFERENCE = On;
				SWIFT_VERSION = 4.0;
				TARGETED_DEVICE_FAMILY = 2;
			};
			name = Release;
		};
/* End XCBuildConfiguration section */

/* Begin XCConfigurationList section */
		AC25B6EF1F66AF5A0000E6F6 /* Build configuration list for PBXProject "reylab" */ = {
			isa = XCConfigurationList;
			buildConfigurations = (
				AC25B7041F66AF5A0000E6F6 /* Debug */,
				AC25B7051F66AF5A0000E6F6 /* Release */,
			);
			defaultConfigurationIsVisible = 0;
			defaultConfigurationName = Release;
		};
		AC25B7061F66AF5B0000E6F6 /* Build configuration list for PBXNativeTarget "reylab" */ = {
			isa = XCConfigurationList;
			buildConfigurations = (
				AC25B7071F66AF5B0000E6F6 /* Debug */,
				AC25B7081F66AF5B0000E6F6 /* Release */,
			);
			defaultConfigurationIsVisible = 0;
			defaultConfigurationName = Release;
		};
/* End XCConfigurationList section */
	};
	rootObject = AC25B6EC1F66AF5A0000E6F6 /* Project object */;
}
